
Microsoft Visual Studio Solution File, Format Version 12.00
# Visual Studio 15
VisualStudioVersion = 15.0.26124.0
MinimumVisualStudioVersion = 15.0.26124.0
Project("{2150E333-8FDC-42A3-9474-1A3956D46DE8}") = "src", "src", "{C1076C0B-4B57-4065-B10E-A4E22F94759C}"
EndProject
Project("{FAE04EC0-301F-11D3-BF4B-00C04F79EFBC}") = "OrderService", "src\OrderService\OrderService.csproj", "{0EF84FDE-2E03-43AA-8717-63F63C8E4037}"
EndProject
Project("{FAE04EC0-301F-11D3-BF4B-00C04F79EFBC}") = "HealthMonitor", "src\HealthMonitor\HealthMonitor.csproj", "{56DEE9A5-F095-42D1-90D8-69451B08D33C}"
EndProject
Global
	GlobalSection(SolutionConfigurationPlatforms) = preSolution
		Debug|Any CPU = Debug|Any CPU
		Debug|x64 = Debug|x64
		Debug|x86 = Debug|x86
		Release|Any CPU = Release|Any CPU
		Release|x64 = Release|x64
		Release|x86 = Release|x86
	EndGlobalSection
	GlobalSection(SolutionProperties) = preSolution
		HideSolutionNode = FALSE
	EndGlobalSection
	GlobalSection(ProjectConfigurationPlatforms) = postSolution
		{0EF84FDE-2E03-43AA-8717-63F63C8E4037}.Debug|Any CPU.ActiveCfg = Debug|Any CPU
		{0EF84FDE-2E03-43AA-8717-63F63C8E4037}.Debug|Any CPU.Build.0 = Debug|Any CPU
		{0EF84FDE-2E03-43AA-8717-63F63C8E4037}.Debug|x64.ActiveCfg = Debug|Any CPU
		{0EF84FDE-2E03-43AA-8717-63F63C8E4037}.Debug|x64.Build.0 = Debug|Any CPU
		{0EF84FDE-2E03-43AA-8717-63F63C8E4037}.Debug|x86.ActiveCfg = Debug|Any CPU
		{0EF84FDE-2E03-43AA-8717-63F63C8E4037}.Debug|x86.Build.0 = Debug|Any CPU
		{0EF84FDE-2E03-43AA-8717-63F63C8E4037}.Release|Any CPU.ActiveCfg = Release|Any CPU
		{0EF84FDE-2E03-43AA-8717-63F63C8E4037}.Release|Any CPU.Build.0 = Release|Any CPU
		{0EF84FDE-2E03-43AA-8717-63F63C8E4037}.Release|x64.ActiveCfg = Release|Any CPU
		{0EF84FDE-2E03-43AA-8717-63F63C8E4037}.Release|x64.Build.0 = Release|Any CPU
		{0EF84FDE-2E03-43AA-8717-63F63C8E4037}.Release|x86.ActiveCfg = Release|Any CPU
		{0EF84FDE-2E03-43AA-8717-63F63C8E4037}.Release|x86.Build.0 = Release|Any CPU
		{56DEE9A5-F095-42D1-90D8-69451B08D33C}.Debug|Any CPU.ActiveCfg = Debug|Any CPU
		{56DEE9A5-F095-42D1-90D8-69451B08D33C}.Debug|Any CPU.Build.0 = Debug|Any CPU
		{56DEE9A5-F095-42D1-90D8-69451B08D33C}.Debug|x64.ActiveCfg = Debug|Any CPU
		{56DEE9A5-F095-42D1-90D8-69451B08D33C}.Debug|x64.Build.0 = Debug|Any CPU
		{56DEE9A5-F095-42D1-90D8-69451B08D33C}.Debug|x86.ActiveCfg = Debug|Any CPU
		{56DEE9A5-F095-42D1-90D8-69451B08D33C}.Debug|x86.Build.0 = Debug|Any CPU
		{56DEE9A5-F095-42D1-90D8-69451B08D33C}.Release|Any CPU.ActiveCfg = Release|Any CPU
		{56DEE9A5-F095-42D1-90D8-69451B08D33C}.Release|Any CPU.Build.0 = Release|Any CPU
		{56DEE9A5-F095-42D1-90D8-69451B08D33C}.Release|x64.ActiveCfg = Release|Any CPU
		{56DEE9A5-F095-42D1-90D8-69451B08D33C}.Release|x64.Build.0 = Release|Any CPU
		{56DEE9A5-F095-42D1-90D8-69451B08D33C}.Release|x86.ActiveCfg = Release|Any CPU
		{56DEE9A5-F095-42D1-90D8-69451B08D33C}.Release|x86.Build.0 = Release|Any CPU
	EndGlobalSection
	GlobalSection(NestedProjects) = preSolution
		{0EF84FDE-2E03-43AA-8717-63F63C8E4037} = {C1076C0B-4B57-4065-B10E-A4E22F94759C}
		{56DEE9A5-F095-42D1-90D8-69451B08D33C} = {C1076C0B-4B57-4065-B10E-A4E22F94759C}
	EndGlobalSection
	GlobalSection(MonoDevelopProperties) = preSolution
		Policies = $0
		$0.DotNetNamingPolicy = $1
		$1.DirectoryNamespaceAssociation = PrefixedHierarchical
	EndGlobalSection
EndGlobal
